# Generated by pub
# See https://dart.dev/tools/pub/glossary#lockfile
packages:
  args:
    dependency: transitive
    description:
      name: args
      sha256: d0481093c50b1da8910eb0bb301626d4d8eb7284aa739614d2b394ee09e3ea04
      url: "https://pub.dev"
    source: hosted
    version: "2.7.0"
  chalkdart:
    dependency: "direct main"
    description:
      name: chalkdart
      sha256: "7ffc6bd39c81453fb9ba8dbce042a9c960219b75ea1c07196a7fa41c2fab9e86"
      url: "https://pub.dev"
    source: hosted
    version: "3.0.5"
sdks:
  dart: ">=3.5.3 <4.0.0"
